# generated by rye
# use `rye lock` or `rye sync` to update this lockfile
#
# last locked with the following flags:
#   pre: false
#   features: []
#   all-features: false
#   with-sources: false
#   generate-hashes: false
#   universal: false

-e file:.
acme==2.10.0
    # via hass-nabucasa
aiodns==3.2.0
    # via homeassistant
aiohappyeyeballs==2.3.5
    # via aiohttp
aiohttp==3.10.1
    # via aiohttp-cors
    # via aiohttp-fast-zlib
    # via aioweenect
    # via hass-nabucasa
    # via homeassistant
    # via pytest-aiohttp
    # via snitun
aiohttp-cors==0.7.0
    # via homeassistant
aiohttp-fast-zlib==0.1.1
    # via homeassistant
aiooui==0.1.6
    # via bluetooth-adapters
aiosignal==1.3.1
    # via aiohttp
aioweenect==1.1.5
    # via hass-weenect
aiozoneinfo==0.2.1
    # via homeassistant
anyio==4.4.0
    # via httpx
astral==2.2
    # via homeassistant
async-interrupt==1.1.2
    # via habluetooth
    # via homeassistant
async-timeout==4.0.3
    # via snitun
atomicwrites-homeassistant==1.4.1
    # via hass-nabucasa
    # via homeassistant
attrs==23.2.0
    # via aiohttp
    # via hass-nabucasa
    # via homeassistant
    # via snitun
awesomeversion==24.6.0
    # via homeassistant
bcrypt==4.1.3
    # via homeassistant
bleak==0.22.2
    # via bleak-retry-connector
    # via bluetooth-adapters
    # via habluetooth
bleak-retry-connector==3.5.0
    # via habluetooth
bluetooth-adapters==0.19.3
    # via bluetooth-auto-recovery
    # via habluetooth
bluetooth-auto-recovery==1.4.2
    # via habluetooth
bluetooth-data-tools==1.19.4
    # via habluetooth
boto3==1.34.153
    # via pycognito
botocore==1.34.153
    # via boto3
    # via s3transfer
btsocket==0.3.0
    # via bluetooth-auto-recovery
certifi==2024.7.4
    # via homeassistant
    # via httpcore
    # via httpx
    # via requests
cffi==1.16.0
    # via cryptography
    # via pycares
cfgv==3.4.0
    # via pre-commit
charset-normalizer==3.3.2
    # via requests
ciso8601==2.3.1
    # via hass-nabucasa
    # via homeassistant
codespell==2.3.0
coverage==7.6.0
    # via pytest-cov
    # via pytest-homeassistant-custom-component
cryptography==43.0.0
    # via acme
    # via bluetooth-data-tools
    # via hass-nabucasa
    # via homeassistant
    # via josepy
    # via pyjwt
    # via pyopenssl
    # via snitun
dbus-fast==2.22.1
    # via bluetooth-adapters
distlib==0.3.8
    # via virtualenv
envs==1.4
    # via pycognito
execnet==2.1.1
    # via pytest-xdist
filelock==3.15.4
    # via virtualenv
fnv-hash-fast==0.5.0
    # via homeassistant
fnvhash==0.1.0
    # via fnv-hash-fast
freezegun==1.5.1
    # via pytest-freezer
    # via pytest-homeassistant-custom-component
frozenlist==1.4.1
    # via aiohttp
    # via aiosignal
h11==0.14.0
    # via httpcore
habluetooth==3.2.0
    # via home-assistant-bluetooth
hass-nabucasa==0.81.1
    # via homeassistant
home-assistant-bluetooth==1.12.2
    # via homeassistant
homeassistant==2024.8.0
    # via pytest-homeassistant-custom-component
httpcore==1.0.5
    # via httpx
httpx==0.27.0
    # via homeassistant
    # via respx
identify==2.6.0
    # via pre-commit
idna==3.7
    # via anyio
    # via httpx
    # via requests
    # via yarl
ifaddr==0.2.0
    # via homeassistant
iniconfig==2.0.0
    # via pytest
jinja2==3.1.4
    # via homeassistant
jmespath==1.0.1
    # via boto3
    # via botocore
josepy==1.14.0
    # via acme
lru-dict==1.3.0
    # via homeassistant
markupsafe==2.1.5
    # via jinja2
mock-open==1.4.0
    # via pytest-homeassistant-custom-component
multidict==6.0.5
    # via aiohttp
    # via yarl
mypy==1.11.1
mypy-extensions==1.0.0
    # via mypy
nodeenv==1.9.1
    # via pre-commit
numpy==1.26.0
    # via pytest-homeassistant-custom-component
orjson==3.10.6
    # via homeassistant
packaging==24.1
    # via homeassistant
    # via pipdeptree
    # via pytest
    # via pytest-sugar
paho-mqtt==1.6.1
    # via pytest-homeassistant-custom-component
pathspec==0.12.1
    # via yamllint
pillow==10.4.0
    # via homeassistant
pip==24.2
    # via homeassistant
    # via pipdeptree
pip-licenses==4.5.1
    # via pytest-homeassistant-custom-component
pipdeptree==2.23.1
    # via pytest-homeassistant-custom-component
platformdirs==4.2.2
    # via virtualenv
pluggy==1.5.0
    # via pytest
pre-commit==3.8.0
pre-commit-hooks==4.6.0
prettytable==3.10.2
    # via pip-licenses
psutil==6.0.0
    # via psutil-home-assistant
psutil-home-assistant==0.0.1
    # via homeassistant
pycares==4.4.0
    # via aiodns
pycognito==2024.5.1
    # via hass-nabucasa
pycparser==2.22
    # via cffi
pydantic==1.10.17
    # via pytest-homeassistant-custom-component
pyjwt==2.8.0
    # via hass-nabucasa
    # via homeassistant
    # via pycognito
pylint-per-file-ignores==1.3.2
    # via pytest-homeassistant-custom-component
pyobjc-core==10.3.1
    # via bleak
    # via pyobjc-framework-cocoa
    # via pyobjc-framework-corebluetooth
    # via pyobjc-framework-libdispatch
pyobjc-framework-cocoa==10.3.1
    # via pyobjc-framework-corebluetooth
    # via pyobjc-framework-libdispatch
pyobjc-framework-corebluetooth==10.3.1
    # via bleak
pyobjc-framework-libdispatch==10.3.1
    # via bleak
pyopenssl==24.2.1
    # via acme
    # via homeassistant
    # via josepy
pyrfc3339==1.1
    # via acme
pyric==0.1.6.3
    # via bluetooth-auto-recovery
pytest==8.3.1
    # via pytest-aiohttp
    # via pytest-asyncio
    # via pytest-cov
    # via pytest-freezer
    # via pytest-github-actions-annotate-failures
    # via pytest-homeassistant-custom-component
    # via pytest-picked
    # via pytest-socket
    # via pytest-sugar
    # via pytest-timeout
    # via pytest-unordered
    # via pytest-xdist
    # via syrupy
pytest-aiohttp==1.0.5
    # via pytest-homeassistant-custom-component
pytest-asyncio==0.23.8
    # via pytest-aiohttp
    # via pytest-homeassistant-custom-component
pytest-cov==5.0.0
    # via pytest-homeassistant-custom-component
pytest-freezer==0.4.8
    # via pytest-homeassistant-custom-component
pytest-github-actions-annotate-failures==0.2.0
    # via pytest-homeassistant-custom-component
pytest-homeassistant-custom-component==0.13.152
pytest-picked==0.5.0
    # via pytest-homeassistant-custom-component
pytest-socket==0.7.0
    # via pytest-homeassistant-custom-component
pytest-sugar==1.0.0
    # via pytest-homeassistant-custom-component
pytest-timeout==2.3.1
    # via pytest-homeassistant-custom-component
pytest-unordered==0.6.1
    # via pytest-homeassistant-custom-component
pytest-xdist==3.6.1
    # via pytest-homeassistant-custom-component
python-dateutil==2.9.0.post0
    # via botocore
    # via freezegun
python-slugify==8.0.4
    # via homeassistant
pytz==2024.1
    # via acme
    # via astral
    # via pyrfc3339
pyyaml==6.0.1
    # via homeassistant
    # via pre-commit
    # via yamllint
requests==2.32.3
    # via acme
    # via homeassistant
    # via pycognito
    # via requests-mock
requests-mock==1.12.1
    # via pytest-homeassistant-custom-component
respx==0.21.1
    # via pytest-homeassistant-custom-component
ruamel-yaml==0.18.6
    # via pre-commit-hooks
ruamel-yaml-clib==0.2.8
    # via ruamel-yaml
ruff==0.5.6
s3transfer==0.10.2
    # via boto3
setuptools==72.1.0
    # via acme
six==1.16.0
    # via python-dateutil
sniffio==1.3.1
    # via anyio
    # via httpx
snitun==0.39.1
    # via hass-nabucasa
sqlalchemy==2.0.31
    # via homeassistant
    # via pytest-homeassistant-custom-component
syrupy==4.6.1
    # via pytest-homeassistant-custom-component
termcolor==2.4.0
    # via pytest-sugar
text-unidecode==1.3
    # via python-slugify
tomli==2.0.1
    # via pip-licenses
tqdm==4.66.4
    # via pytest-homeassistant-custom-component
typing-extensions==4.12.2
    # via homeassistant
    # via mypy
    # via pydantic
    # via sqlalchemy
tzdata==2024.1
    # via aiozoneinfo
uart-devices==0.1.0
    # via bluetooth-adapters
ulid-transform==0.13.1
    # via homeassistant
urllib3==1.26.19
    # via botocore
    # via homeassistant
    # via requests
usb-devices==0.4.5
    # via bluetooth-adapters
    # via bluetooth-auto-recovery
uv==0.2.27
    # via pytest-homeassistant-custom-component
virtualenv==20.26.3
    # via pre-commit
voluptuous==0.15.2
    # via homeassistant
    # via voluptuous-openapi
    # via voluptuous-serialize
voluptuous-openapi==0.0.5
    # via homeassistant
voluptuous-serialize==2.6.0
    # via homeassistant
wcwidth==0.2.13
    # via prettytable
yamllint==1.35.1
yarl==1.9.4
    # via aiohttp
    # via homeassistant
